
Microsoft Visual Studio Solution File, Format Version 12.00
# Visual Studio Version 16
VisualStudioVersion = 16.0.29519.87
MinimumVisualStudioVersion = 10.0.40219.1
Project("{8BC9CEB8-8B4A-11D0-8D11-00A0C91BC942}") = "ExceptionHandlingProcess", "ExceptionHandlingProcess\ExceptionHandlingProcess.vcxproj", "{792CBB7D-1997-4FCF-9014-DF5516C8A3F0}"
EndProject
Global
	GlobalSection(SolutionConfigurationPlatforms) = preSolution
		Debug|x64 = Debug|x64
		Debug|x86 = Debug|x86
		Release|x64 = Release|x64
		Release|x86 = Release|x86
	EndGlobalSection
	GlobalSection(ProjectConfigurationPlatforms) = postSolution
		{792CBB7D-1997-4FCF-9014-DF5516C8A3F0}.Debug|x64.ActiveCfg = Debug|x64
		{792CBB7D-1997-4FCF-9014-DF5516C8A3F0}.Debug|x64.Build.0 = Debug|x64
		{792CBB7D-1997-4FCF-9014-DF5516C8A3F0}.Debug|x86.ActiveCfg = Debug|Win32
		{792CBB7D-1997-4FCF-9014-DF5516C8A3F0}.Debug|x86.Build.0 = Debug|Win32
		{792CBB7D-1997-4FCF-9014-DF5516C8A3F0}.Release|x64.ActiveCfg = Release|x64
		{792CBB7D-1997-4FCF-9014-DF5516C8A3F0}.Release|x64.Build.0 = Release|x64
		{792CBB7D-1997-4FCF-9014-DF5516C8A3F0}.Release|x86.ActiveCfg = Release|Win32
		{792CBB7D-1997-4FCF-9014-DF5516C8A3F0}.Release|x86.Build.0 = Release|Win32
	EndGlobalSection
	GlobalSection(SolutionProperties) = preSolution
		HideSolutionNode = FALSE
	EndGlobalSection
	GlobalSection(ExtensibilityGlobals) = postSolution
		SolutionGuid = {73A7F4A5-2A25-4AC4-AC11-74EF5B292F69}
	EndGlobalSection
EndGlobal
