
Microsoft Visual Studio Solution File, Format Version 12.00
# Visual Studio Version 16
VisualStudioVersion = 16.0.31402.337
MinimumVisualStudioVersion = 10.0.40219.1
Project("{8BC9CEB8-8B4A-11D0-8D11-00A0C91BC942}") = "TimerObject", "TimerObject\TimerObject.vcxproj", "{E595EF03-68E0-4973-98BD-2E0D4F3C5324}"
EndProject
Global
	GlobalSection(SolutionConfigurationPlatforms) = preSolution
		Debug|x64 = Debug|x64
		Debug|x86 = Debug|x86
		Release|x64 = Release|x64
		Release|x86 = Release|x86
	EndGlobalSection
	GlobalSection(ProjectConfigurationPlatforms) = postSolution
		{E595EF03-68E0-4973-98BD-2E0D4F3C5324}.Debug|x64.ActiveCfg = Debug|x64
		{E595EF03-68E0-4973-98BD-2E0D4F3C5324}.Debug|x64.Build.0 = Debug|x64
		{E595EF03-68E0-4973-98BD-2E0D4F3C5324}.Debug|x86.ActiveCfg = Debug|Win32
		{E595EF03-68E0-4973-98BD-2E0D4F3C5324}.Debug|x86.Build.0 = Debug|Win32
		{E595EF03-68E0-4973-98BD-2E0D4F3C5324}.Release|x64.ActiveCfg = Release|x64
		{E595EF03-68E0-4973-98BD-2E0D4F3C5324}.Release|x64.Build.0 = Release|x64
		{E595EF03-68E0-4973-98BD-2E0D4F3C5324}.Release|x86.ActiveCfg = Release|Win32
		{E595EF03-68E0-4973-98BD-2E0D4F3C5324}.Release|x86.Build.0 = Release|Win32
	EndGlobalSection
	GlobalSection(SolutionProperties) = preSolution
		HideSolutionNode = FALSE
	EndGlobalSection
	GlobalSection(ExtensibilityGlobals) = postSolution
		SolutionGuid = {409F8893-37AC-4A43-8EB4-E2B219142C23}
	EndGlobalSection
EndGlobal
