
Microsoft Visual Studio Solution File, Format Version 12.00
# Visual Studio Version 16
VisualStudioVersion = 16.0.31112.23
MinimumVisualStudioVersion = 10.0.40219.1
Project("{8BC9CEB8-8B4A-11D0-8D11-00A0C91BC942}") = "SMBIOSDemo", "SMBIOSDemo\SMBIOSDemo.vcxproj", "{540C7F60-EB10-4C85-A9C9-7EC9D1339215}"
EndProject
Global
	GlobalSection(SolutionConfigurationPlatforms) = preSolution
		Debug|x64 = Debug|x64
		Debug|x86 = Debug|x86
		Release|x64 = Release|x64
		Release|x86 = Release|x86
	EndGlobalSection
	GlobalSection(ProjectConfigurationPlatforms) = postSolution
		{540C7F60-EB10-4C85-A9C9-7EC9D1339215}.Debug|x64.ActiveCfg = Debug|x64
		{540C7F60-EB10-4C85-A9C9-7EC9D1339215}.Debug|x64.Build.0 = Debug|x64
		{540C7F60-EB10-4C85-A9C9-7EC9D1339215}.Debug|x86.ActiveCfg = Debug|Win32
		{540C7F60-EB10-4C85-A9C9-7EC9D1339215}.Debug|x86.Build.0 = Debug|Win32
		{540C7F60-EB10-4C85-A9C9-7EC9D1339215}.Release|x64.ActiveCfg = Release|x64
		{540C7F60-EB10-4C85-A9C9-7EC9D1339215}.Release|x64.Build.0 = Release|x64
		{540C7F60-EB10-4C85-A9C9-7EC9D1339215}.Release|x86.ActiveCfg = Release|Win32
		{540C7F60-EB10-4C85-A9C9-7EC9D1339215}.Release|x86.Build.0 = Release|Win32
	EndGlobalSection
	GlobalSection(SolutionProperties) = preSolution
		HideSolutionNode = FALSE
	EndGlobalSection
	GlobalSection(ExtensibilityGlobals) = postSolution
		SolutionGuid = {1EF23C8D-B851-44D9-80AC-F787D5F0B31E}
	EndGlobalSection
EndGlobal
