
Microsoft Visual Studio Solution File, Format Version 12.00
# Visual Studio Version 16
VisualStudioVersion = 16.0.29519.87
MinimumVisualStudioVersion = 10.0.40219.1
Project("{8BC9CEB8-8B4A-11D0-8D11-00A0C91BC942}") = "Clipboard", "Clipboard\Clipboard.vcxproj", "{DD5A861F-FB83-4513-A23C-4C4F8583D137}"
EndProject
Project("{8BC9CEB8-8B4A-11D0-8D11-00A0C91BC942}") = "ClipboardRead", "ClipboardRead\ClipboardRead.vcxproj", "{5C7126E3-5C71-4D9C-B40F-60B6218FEA71}"
EndProject
Global
	GlobalSection(SolutionConfigurationPlatforms) = preSolution
		Debug|x64 = Debug|x64
		Debug|x86 = Debug|x86
		Release|x64 = Release|x64
		Release|x86 = Release|x86
	EndGlobalSection
	GlobalSection(ProjectConfigurationPlatforms) = postSolution
		{DD5A861F-FB83-4513-A23C-4C4F8583D137}.Debug|x64.ActiveCfg = Debug|x64
		{DD5A861F-FB83-4513-A23C-4C4F8583D137}.Debug|x64.Build.0 = Debug|x64
		{DD5A861F-FB83-4513-A23C-4C4F8583D137}.Debug|x86.ActiveCfg = Debug|Win32
		{DD5A861F-FB83-4513-A23C-4C4F8583D137}.Debug|x86.Build.0 = Debug|Win32
		{DD5A861F-FB83-4513-A23C-4C4F8583D137}.Release|x64.ActiveCfg = Release|x64
		{DD5A861F-FB83-4513-A23C-4C4F8583D137}.Release|x64.Build.0 = Release|x64
		{DD5A861F-FB83-4513-A23C-4C4F8583D137}.Release|x86.ActiveCfg = Release|Win32
		{DD5A861F-FB83-4513-A23C-4C4F8583D137}.Release|x86.Build.0 = Release|Win32
		{5C7126E3-5C71-4D9C-B40F-60B6218FEA71}.Debug|x64.ActiveCfg = Debug|x64
		{5C7126E3-5C71-4D9C-B40F-60B6218FEA71}.Debug|x64.Build.0 = Debug|x64
		{5C7126E3-5C71-4D9C-B40F-60B6218FEA71}.Debug|x86.ActiveCfg = Debug|Win32
		{5C7126E3-5C71-4D9C-B40F-60B6218FEA71}.Debug|x86.Build.0 = Debug|Win32
		{5C7126E3-5C71-4D9C-B40F-60B6218FEA71}.Release|x64.ActiveCfg = Release|x64
		{5C7126E3-5C71-4D9C-B40F-60B6218FEA71}.Release|x64.Build.0 = Release|x64
		{5C7126E3-5C71-4D9C-B40F-60B6218FEA71}.Release|x86.ActiveCfg = Release|Win32
		{5C7126E3-5C71-4D9C-B40F-60B6218FEA71}.Release|x86.Build.0 = Release|Win32
	EndGlobalSection
	GlobalSection(SolutionProperties) = preSolution
		HideSolutionNode = FALSE
	EndGlobalSection
	GlobalSection(ExtensibilityGlobals) = postSolution
		SolutionGuid = {ACACE99A-0E64-4695-AFF9-91EA3DBC75DC}
	EndGlobalSection
EndGlobal
