
Microsoft Visual Studio Solution File, Format Version 12.00
# Visual Studio Version 16
VisualStudioVersion = 16.0.29519.87
MinimumVisualStudioVersion = 10.0.40219.1
Project("{8BC9CEB8-8B4A-11D0-8D11-00A0C91BC942}") = "AutoRun_Shortcut", "AutoRun_Shortcut\AutoRun_Shortcut.vcxproj", "{4723C675-1A80-4584-A651-A09E1B0021CE}"
EndProject
Global
	GlobalSection(SolutionConfigurationPlatforms) = preSolution
		Debug|x64 = Debug|x64
		Debug|x86 = Debug|x86
		Release|x64 = Release|x64
		Release|x86 = Release|x86
	EndGlobalSection
	GlobalSection(ProjectConfigurationPlatforms) = postSolution
		{4723C675-1A80-4584-A651-A09E1B0021CE}.Debug|x64.ActiveCfg = Debug|x64
		{4723C675-1A80-4584-A651-A09E1B0021CE}.Debug|x64.Build.0 = Debug|x64
		{4723C675-1A80-4584-A651-A09E1B0021CE}.Debug|x86.ActiveCfg = Debug|Win32
		{4723C675-1A80-4584-A651-A09E1B0021CE}.Debug|x86.Build.0 = Debug|Win32
		{4723C675-1A80-4584-A651-A09E1B0021CE}.Release|x64.ActiveCfg = Release|x64
		{4723C675-1A80-4584-A651-A09E1B0021CE}.Release|x64.Build.0 = Release|x64
		{4723C675-1A80-4584-A651-A09E1B0021CE}.Release|x86.ActiveCfg = Release|Win32
		{4723C675-1A80-4584-A651-A09E1B0021CE}.Release|x86.Build.0 = Release|Win32
	EndGlobalSection
	GlobalSection(SolutionProperties) = preSolution
		HideSolutionNode = FALSE
	EndGlobalSection
	GlobalSection(ExtensibilityGlobals) = postSolution
		SolutionGuid = {D91FE771-06D2-4A57-BAE2-5AF33C9957D3}
	EndGlobalSection
EndGlobal
